// !$*UTF8*$!
{
	archiveVersion = 1;
	classes = {
	};
	objectVersion = 77;
	objects = {

/* Begin PBXBuildFile section */
		C0ACAFAE2FAAD9630062B2C2 /* WidgetKit.framework in Frameworks */ = {isa = PBXBuildFile; fileRef = C0ACAFAD2FAAD9630062B2C2 /* WidgetKit.framework */; };
		C0ACAFB02FAAD9630062B2C2 /* SwiftUI.framework in Frameworks */ = {isa = PBXBuildFile; fileRef = C0ACAFAF2FAAD9630062B2C2 /* SwiftUI.framework */; };
		C0ACAFC12FAAD9640062B2C2 /* OPerationsHOSWidgetsExtension.appex in Embed Foundation Extensions */ = {isa = PBXBuildFile; fileRef = C0ACAFAB2FAAD9630062B2C2 /* OPerationsHOSWidgetsExtension.appex */; platformFilter = ios; settings = {ATTRIBUTES = (RemoveHeadersOnCopy, ); }; };
/* End PBXBuildFile section */

/* Begin PBXContainerItemProxy section */
		C0A3DE552FA94C2700B622CF /* PBXContainerItemProxy */ = {
			isa = PBXContainerItemProxy;
			containerPortal = C0A3DE3B2FA94C2600B622CF /* Project object */;
			proxyType = 1;
			remoteGlobalIDString = C0A3DE422FA94C2600B622CF;
			remoteInfo = OPerationsHOS;
		};
		C0A3DE5F2FA94C2700B622CF /* PBXContainerItemProxy */ = {
			isa = PBXContainerItemProxy;
			containerPortal = C0A3DE3B2FA94C2600B622CF /* Project object */;
			proxyType = 1;
			remoteGlobalIDString = C0A3DE422FA94C2600B622CF;
			remoteInfo = OPerationsHOS;
		};
		C0ACAFBF2FAAD9640062B2C2 /* PBXContainerItemProxy */ = {
			isa = PBXContainerItemProxy;
			containerPortal = C0A3DE3B2FA94C2600B622CF /* Project object */;
			proxyType = 1;
			remoteGlobalIDString = C0ACAFAA2FAAD9630062B2C2;
			remoteInfo = OPerationsHOSWidgetsExtension;
		};
/* End PBXContainerItemProxy section */

/* Begin PBXCopyFilesBuildPhase section */
		C0ACAFC22FAAD9640062B2C2 /* Embed Foundation Extensions */ = {
			isa = PBXCopyFilesBuildPhase;
			buildActionMask = 2147483647;
			dstPath = "";
			dstSubfolderSpec = 13;
			files = (
				C0ACAFC12FAAD9640062B2C2 /* OPerationsHOSWidgetsExtension.appex in Embed Foundation Extensions */,
			);
			name = "Embed Foundation Extensions";
			runOnlyForDeploymentPostprocessing = 0;
		};
/* End PBXCopyFilesBuildPhase section */

/* Begin PBXFileReference section */
		C082E4D62FAF768400ABA002 /* OPerationsHOSWidgetsExtension.entitlements */ = {isa = PBXFileReference; lastKnownFileType = text.plist.entitlements; path = OPerationsHOSWidgetsExtension.entitlements; sourceTree = "<group>"; };
		C0A3DE432FA94C2600B622CF /* OPerationsHOS.app */ = {isa = PBXFileReference; explicitFileType = wrapper.application; includeInIndex = 0; path = OPerationsHOS.app; sourceTree = BUILT_PRODUCTS_DIR; };
		C0A3DE542FA94C2700B622CF /* OPerationsHOSTests.xctest */ = {isa = PBXFileReference; explicitFileType = wrapper.cfbundle; includeInIndex = 0; path = OPerationsHOSTests.xctest; sourceTree = BUILT_PRODUCTS_DIR; };
		C0A3DE5E2FA94C2700B622CF /* OPerationsHOSUITests.xctest */ = {isa = PBXFileReference; explicitFileType = wrapper.cfbundle; includeInIndex = 0; path = OPerationsHOSUITests.xctest; sourceTree = BUILT_PRODUCTS_DIR; };
		C0ACAFAB2FAAD9630062B2C2 /* OPerationsHOSWidgetsExtension.appex */ = {isa = PBXFileReference; explicitFileType = "wrapper.app-extension"; includeInIndex = 0; path = OPerationsHOSWidgetsExtension.appex; sourceTree = BUILT_PRODUCTS_DIR; };
		C0ACAFAD2FAAD9630062B2C2 /* WidgetKit.framework */ = {isa = PBXFileReference; lastKnownFileType = wrapper.framework; name = WidgetKit.framework; path = System/Library/Frameworks/WidgetKit.framework; sourceTree = SDKROOT; };
		C0ACAFAF2FAAD9630062B2C2 /* SwiftUI.framework */ = {isa = PBXFileReference; lastKnownFileType = wrapper.framework; name = SwiftUI.framework; path = System/Library/Frameworks/SwiftUI.framework; sourceTree = SDKROOT; };
/* End PBXFileReference section */

/* Begin PBXFileSystemSynchronizedBuildFileExceptionSet section */
		C0A3DE662FA94C2700B622CF /* Exceptions for "OPerationsHOS" folder in "OPerationsHOS" target */ = {
			isa = PBXFileSystemSynchronizedBuildFileExceptionSet;
			membershipExceptions = (
				Info.plist,
			);
			target = C0A3DE422FA94C2600B622CF /* OPerationsHOS */;
		};
		C0ACAFC62FAAD9640062B2C2 /* Exceptions for "OPerationsHOSWidgets" folder in "OPerationsHOSWidgetsExtension" target */ = {
			isa = PBXFileSystemSynchronizedBuildFileExceptionSet;
			membershipExceptions = (
				Info.plist,
			);
			target = C0ACAFAA2FAAD9630062B2C2 /* OPerationsHOSWidgetsExtension */;
		};
/* End PBXFileSystemSynchronizedBuildFileExceptionSet section */

/* Begin PBXFileSystemSynchronizedRootGroup section */
		C0A3DE452FA94C2600B622CF /* OPerationsHOS */ = {
			isa = PBXFileSystemSynchronizedRootGroup;
			exceptions = (
				C0A3DE662FA94C2700B622CF /* Exceptions for "OPerationsHOS" folder in "OPerationsHOS" target */,
			);
			path = OPerationsHOS;
			sourceTree = "<group>";
		};
		C0A3DE572FA94C2700B622CF /* OPerationsHOSTests */ = {
			isa = PBXFileSystemSynchronizedRootGroup;
			path = OPerationsHOSTests;
			sourceTree = "<group>";
		};
		C0A3DE612FA94C2700B622CF /* OPerationsHOSUITests */ = {
			isa = PBXFileSystemSynchronizedRootGroup;
			path = OPerationsHOSUITests;
			sourceTree = "<group>";
		};
		C0ACAFB12FAAD9630062B2C2 /* OPerationsHOSWidgets */ = {
			isa = PBXFileSystemSynchronizedRootGroup;
			exceptions = (
				C0ACAFC62FAAD9640062B2C2 /* Exceptions for "OPerationsHOSWidgets" folder in "OPerationsHOSWidgetsExtension" target */,
			);
			path = OPerationsHOSWidgets;
			sourceTree = "<group>";
		};
/* End PBXFileSystemSynchronizedRootGroup section */

/* Begin PBXFrameworksBuildPhase section */
		C0A3DE402FA94C2600B622CF /* Frameworks */ = {
			isa = PBXFrameworksBuildPhase;
			buildActionMask = 2147483647;
			files = (
			);
			runOnlyForDeploymentPostprocessing = 0;
		};
		C0A3DE512FA94C2700B622CF /* Frameworks */ = {
			isa = PBXFrameworksBuildPhase;
			buildActionMask = 2147483647;
			files = (
			);
			runOnlyForDeploymentPostprocessing = 0;
		};
		C0A3DE5B2FA94C2700B622CF /* Frameworks */ = {
			isa = PBXFrameworksBuildPhase;
			buildActionMask = 2147483647;
			files = (
			);
			runOnlyForDeploymentPostprocessing = 0;
		};
		C0ACAFA82FAAD9630062B2C2 /* Frameworks */ = {
			isa = PBXFrameworksBuildPhase;
			buildActionMask = 2147483647;
			files = (
				C0ACAFB02FAAD9630062B2C2 /* SwiftUI.framework in Frameworks */,
				C0ACAFAE2FAAD9630062B2C2 /* WidgetKit.framework in Frameworks */,
			);
			runOnlyForDeploymentPostprocessing = 0;
		};
/* End PBXFrameworksBuildPhase section */

/* Begin PBXGroup section */
		C0A3DE3A2FA94C2600B622CF = {
			isa = PBXGroup;
			children = (
				C082E4D62FAF768400ABA002 /* OPerationsHOSWidgetsExtension.entitlements */,
				C0A3DE452FA94C2600B622CF /* OPerationsHOS */,
				C0A3DE572FA94C2700B622CF /* OPerationsHOSTests */,
				C0A3DE612FA94C2700B622CF /* OPerationsHOSUITests */,
				C0ACAFB12FAAD9630062B2C2 /* OPerationsHOSWidgets */,
				C0ACAFAC2FAAD9630062B2C2 /* Frameworks */,
				C0A3DE442FA94C2600B622CF /* Products */,
			);
			sourceTree = "<group>";
		};
		C0A3DE442FA94C2600B622CF /* Products */ = {
			isa = PBXGroup;
			children = (
				C0A3DE432FA94C2600B622CF /* OPerationsHOS.app */,
				C0A3DE542FA94C2700B622CF /* OPerationsHOSTests.xctest */,
				C0A3DE5E2FA94C2700B622CF /* OPerationsHOSUITests.xctest */,
				C0ACAFAB2FAAD9630062B2C2 /* OPerationsHOSWidgetsExtension.appex */,
			);
			name = Products;
			sourceTree = "<group>";
		};
		C0ACAFAC2FAAD9630062B2C2 /* Frameworks */ = {
			isa = PBXGroup;
			children = (
				C0ACAFAD2FAAD9630062B2C2 /* WidgetKit.framework */,
				C0ACAFAF2FAAD9630062B2C2 /* SwiftUI.framework */,
			);
			name = Frameworks;
			sourceTree = "<group>";
		};
/* End PBXGroup section */

/* Begin PBXNativeTarget section */
		C0A3DE422FA94C2600B622CF /* OPerationsHOS */ = {
			isa = PBXNativeTarget;
			buildConfigurationList = C0A3DE672FA94C2700B622CF /* Build configuration list for PBXNativeTarget "OPerationsHOS" */;
			buildPhases = (
				C0A3DE3F2FA94C2600B622CF /* Sources */,
				C0A3DE402FA94C2600B622CF /* Frameworks */,
				C0A3DE412FA94C2600B622CF /* Resources */,
				C0ACAFC22FAAD9640062B2C2 /* Embed Foundation Extensions */,
			);
			buildRules = (
			);
			dependencies = (
				C0ACAFC02FAAD9640062B2C2 /* PBXTargetDependency */,
			);
			fileSystemSynchronizedGroups = (
				C0A3DE452FA94C2600B622CF /* OPerationsHOS */,
			);
			name = OPerationsHOS;
			packageProductDependencies = (
			);
			productName = OPerationsHOS;
			productReference = C0A3DE432FA94C2600B622CF /* OPerationsHOS.app */;
			productType = "com.apple.product-type.application";
		};
		C0A3DE532FA94C2700B622CF /* OPerationsHOSTests */ = {
			isa = PBXNativeTarget;
			buildConfigurationList = C0A3DE6C2FA94C2700B622CF /* Build configuration list for PBXNativeTarget "OPerationsHOSTests" */;
			buildPhases = (
				C0A3DE502FA94C2700B622CF /* Sources */,
				C0A3DE512FA94C2700B622CF /* Frameworks */,
				C0A3DE522FA94C2700B622CF /* Resources */,
			);
			buildRules = (
			);
			dependencies = (
				C0A3DE562FA94C2700B622CF /* PBXTargetDependency */,
			);
			fileSystemSynchronizedGroups = (
				C0A3DE572FA94C2700B622CF /* OPerationsHOSTests */,
			);
			name = OPerationsHOSTests;
			packageProductDependencies = (
			);
			productName = OPerationsHOSTests;
			productReference = C0A3DE542FA94C2700B622CF /* OPerationsHOSTests.xctest */;
			productType = "com.apple.product-type.bundle.unit-test";
		};
		C0A3DE5D2FA94C2700B622CF /* OPerationsHOSUITests */ = {
			isa = PBXNativeTarget;
			buildConfigurationList = C0A3DE6F2FA94C2700B622CF /* Build configuration list for PBXNativeTarget "OPerationsHOSUITests" */;
			buildPhases = (
				C0A3DE5A2FA94C2700B622CF /* Sources */,
				C0A3DE5B2FA94C2700B622CF /* Frameworks */,
				C0A3DE5C2FA94C2700B622CF /* Resources */,
			);
			buildRules = (
			);
			dependencies = (
				C0A3DE602FA94C2700B622CF /* PBXTargetDependency */,
			);
			fileSystemSynchronizedGroups = (
				C0A3DE612FA94C2700B622CF /* OPerationsHOSUITests */,
			);
			name = OPerationsHOSUITests;
			packageProductDependencies = (
			);
			productName = OPerationsHOSUITests;
			productReference = C0A3DE5E2FA94C2700B622CF /* OPerationsHOSUITests.xctest */;
			productType = "com.apple.product-type.bundle.ui-testing";
		};
		C0ACAFAA2FAAD9630062B2C2 /* OPerationsHOSWidgetsExtension */ = {
			isa = PBXNativeTarget;
			buildConfigurationList = C0ACAFC52FAAD9640062B2C2 /* Build configuration list for PBXNativeTarget "OPerationsHOSWidgetsExtension" */;
			buildPhases = (
				C0ACAFA72FAAD9630062B2C2 /* Sources */,
				C0ACAFA82FAAD9630062B2C2 /* Frameworks */,
				C0ACAFA92FAAD9630062B2C2 /* Resources */,
			);
			buildRules = (
			);
			dependencies = (
			);
			fileSystemSynchronizedGroups = (
				C0ACAFB12FAAD9630062B2C2 /* OPerationsHOSWidgets */,
			);
			name = OPerationsHOSWidgetsExtension;
			packageProductDependencies = (
			);
			productName = OPerationsHOSWidgetsExtension;
			productReference = C0ACAFAB2FAAD9630062B2C2 /* OPerationsHOSWidgetsExtension.appex */;
			productType = "com.apple.product-type.app-extension";
		};
/* End PBXNativeTarget section */

/* Begin PBXProject section */
		C0A3DE3B2FA94C2600B622CF /* Project object */ = {
			isa = PBXProject;
			attributes = {
				BuildIndependentTargetsInParallel = 1;
				LastSwiftUpdateCheck = 2640;
				LastUpgradeCheck = 2640;
				TargetAttributes = {
					C0A3DE422FA94C2600B622CF = {
						CreatedOnToolsVersion = 26.4;
					};
					C0A3DE532FA94C2700B622CF = {
						CreatedOnToolsVersion = 26.4;
						TestTargetID = C0A3DE422FA94C2600B622CF;
					};
					C0A3DE5D2FA94C2700B622CF = {
						CreatedOnToolsVersion = 26.4;
						TestTargetID = C0A3DE422FA94C2600B622CF;
					};
					C0ACAFAA2FAAD9630062B2C2 = {
						CreatedOnToolsVersion = 26.4;
					};
				};
			};
			buildConfigurationList = C0A3DE3E2FA94C2600B622CF /* Build configuration list for PBXProject "OPerationsHOS" */;
			developmentRegion = en;
			hasScannedForEncodings = 0;
			knownRegions = (
				en,
				Base,
			);
			mainGroup = C0A3DE3A2FA94C2600B622CF;
			minimizedProjectReferenceProxies = 1;
			preferredProjectObjectVersion = 77;
			productRefGroup = C0A3DE442FA94C2600B622CF /* Products */;
			projectDirPath = "";
			projectRoot = "";
			targets = (
				C0A3DE422FA94C2600B622CF /* OPerationsHOS */,
				C0A3DE532FA94C2700B622CF /* OPerationsHOSTests */,
				C0A3DE5D2FA94C2700B622CF /* OPerationsHOSUITests */,
				C0ACAFAA2FAAD9630062B2C2 /* OPerationsHOSWidgetsExtension */,
			);
		};
/* End PBXProject section */

/* Begin PBXResourcesBuildPhase section */
		C0A3DE412FA94C2600B622CF /* Resources */ = {
			isa = PBXResourcesBuildPhase;
			buildActionMask = 2147483647;
			files = (
			);
			runOnlyForDeploymentPostprocessing = 0;
		};
		C0A3DE522FA94C2700B622CF /* Resources */ = {
			isa = PBXResourcesBuildPhase;
			buildActionMask = 2147483647;
			files = (
			);
			runOnlyForDeploymentPostprocessing = 0;
		};
		C0A3DE5C2FA94C2700B622CF /* Resources */ = {
			isa = PBXResourcesBuildPhase;
			buildActionMask = 2147483647;
			files = (
			);
			runOnlyForDeploymentPostprocessing = 0;
		};
		C0ACAFA92FAAD9630062B2C2 /* Resources */ = {
			isa = PBXResourcesBuildPhase;
			buildActionMask = 2147483647;
			files = (
			);
			runOnlyForDeploymentPostprocessing = 0;
		};
/* End PBXResourcesBuildPhase section */

/* Begin PBXSourcesBuildPhase section */
		C0A3DE3F2FA94C2600B622CF /* Sources */ = {
			isa = PBXSourcesBuildPhase;
			buildActionMask = 2147483647;
			files = (
			);
			runOnlyForDeploymentPostprocessing = 0;
		};
		C0A3DE502FA94C2700B622CF /* Sources */ = {
			isa = PBXSourcesBuildPhase;
			buildActionMask = 2147483647;
			files = (
			);
			runOnlyForDeploymentPostprocessing = 0;
		};
		C0A3DE5A2FA94C2700B622CF /* Sources */ = {
			isa = PBXSourcesBuildPhase;
			buildActionMask = 2147483647;
			files = (
			);
			runOnlyForDeploymentPostprocessing = 0;
		};
		C0ACAFA72FAAD9630062B2C2 /* Sources */ = {
			isa = PBXSourcesBuildPhase;
			buildActionMask = 2147483647;
			files = (
			);
			runOnlyForDeploymentPostprocessing = 0;
		};
/* End PBXSourcesBuildPhase section */

/* Begin PBXTargetDependency section */
		C0A3DE562FA94C2700B622CF /* PBXTargetDependency */ = {
			isa = PBXTargetDependency;
			target = C0A3DE422FA94C2600B622CF /* OPerationsHOS */;
			targetProxy = C0A3DE552FA94C2700B622CF /* PBXContainerItemProxy */;
		};
		C0A3DE602FA94C2700B622CF /* PBXTargetDependency */ = {
			isa = PBXTargetDependency;
			target = C0A3DE422FA94C2600B622CF /* OPerationsHOS */;
			targetProxy = C0A3DE5F2FA94C2700B622CF /* PBXContainerItemProxy */;
		};
		C0ACAFC02FAAD9640062B2C2 /* PBXTargetDependency */ = {
			isa = PBXTargetDependency;
			target = C0ACAFAA2FAAD9630062B2C2 /* OPerationsHOSWidgetsExtension */;
			targetProxy = C0ACAFBF2FAAD9640062B2C2 /* PBXContainerItemProxy */;
		};
/* End PBXTargetDependency section */

/* Begin XCBuildConfiguration section */
		C0A3DE682FA94C2700B622CF /* Debug */ = {
			isa = XCBuildConfiguration;
			buildSettings = {
				ASSETCATALOG_COMPILER_APPICON_NAME = AppIcon;
				ASSETCATALOG_COMPILER_GLOBAL_ACCENT_COLOR_NAME = AccentColor;
				CODE_SIGN_ENTITLEMENTS = OPerationsHOS/OPerationsHOS.entitlements;
				CODE_SIGN_STYLE = Automatic;
				CURRENT_PROJECT_VERSION = 1;
				DEVELOPMENT_TEAM = 3X3F6UJ44H;
				ENABLE_APP_SANDBOX = YES;
				ENABLE_HARDENED_RUNTIME = YES;
				ENABLE_PREVIEWS = YES;
				ENABLE_USER_SELECTED_FILES = readonly;
				GENERATE_INFOPLIST_FILE = YES;
				INFOPLIST_FILE = OPerationsHOS/Info.plist;
				"INFOPLIST_KEY_UIApplicationSceneManifest_Generation[sdk=iphoneos*]" = YES;
				"INFOPLIST_KEY_UIApplicationSceneManifest_Generation[sdk=iphonesimulator*]" = YES;
				"INFOPLIST_KEY_UIApplicationSupportsIndirectInputEvents[sdk=iphoneos*]" = YES;
				"INFOPLIST_KEY_UIApplicationSupportsIndirectInputEvents[sdk=iphonesimulator*]" = YES;
				"INFOPLIST_KEY_UILaunchScreen_Generation[sdk=iphoneos*]" = YES;
				"INFOPLIST_KEY_UILaunchScreen_Generation[sdk=iphonesimulator*]" = YES;
				"INFOPLIST_KEY_UIStatusBarStyle[sdk=iphoneos*]" = UIStatusBarStyleDefault;
				"INFOPLIST_KEY_UIStatusBarStyle[sdk=iphonesimulator*]" = UIStatusBarStyleDefault;
				INFOPLIST_KEY_UISupportedInterfaceOrientations_iPad = "UIInterfaceOrientationPortrait UIInterfaceOrientationPortraitUpsideDown UIInterfaceOrientationLandscapeLeft UIInterfaceOrientationLandscapeRight";
				INFOPLIST_KEY_UISupportedInterfaceOrientations_iPhone = "UIInterfaceOrientationPortrait UIInterfaceOrientationLandscapeLeft UIInterfaceOrientationLandscapeRight";
				IPHONEOS_DEPLOYMENT_TARGET = 26.4;
				LD_RUNPATH_SEARCH_PATHS = "@executable_path/Frameworks";
				"LD_RUNPATH_SEARCH_PATHS[sdk=macosx*]" = "@executable_path/../Frameworks";
				MACOSX_DEPLOYMENT_TARGET = 26.4;
				MARKETING_VERSION = 1.0;
				PRODUCT_BUNDLE_IDENTIFIER = com.ChatGPT.OPerationsHOS;
				PRODUCT_NAME = "$(TARGET_NAME)";
				REGISTER_APP_GROUPS = YES;
				SDKROOT = auto;
				STRING_CATALOG_GENERATE_SYMBOLS = YES;
				SUPPORTED_PLATFORMS = "iphoneos iphonesimulator macosx xros xrsimulator";
				SWIFT_APPROACHABLE_CONCURRENCY = YES;
				SWIFT_DEFAULT_ACTOR_ISOLATION = MainActor;
				SWIFT_EMIT_LOC_STRINGS = YES;
				SWIFT_UPCOMING_FEATURE_MEMBER_IMPORT_VISIBILITY = YES;
				SWIFT_VERSION = 5.0;
				TARGETED_DEVICE_FAMILY = "1,2,7";
				XROS_DEPLOYMENT_TARGET = 26.4;
			};
			name = Debug;
		};
		C0A3DE692FA94C2700B622CF /* Release */ = {
			isa = XCBuildConfiguration;
			buildSettings = {
				ASSETCATALOG_COMPILER_APPICON_NAME = AppIcon;
				ASSETCATALOG_COMPILER_GLOBAL_ACCENT_COLOR_NAME = AccentColor;
				CODE_SIGN_ENTITLEMENTS = OPerationsHOS/OPerationsHOS.entitlements;
				CODE_SIGN_STYLE = Automatic;
				CURRENT_PROJECT_VERSION = 1;
				DEVELOPMENT_TEAM = 3X3F6UJ44H;
				ENABLE_APP_SANDBOX = YES;
				ENABLE_HARDENED_RUNTIME = YES;
				ENABLE_PREVIEWS = YES;
				ENABLE_USER_SELECTED_FILES = readonly;
				GENERATE_INFOPLIST_FILE = YES;
				INFOPLIST_FILE = OPerationsHOS/Info.plist;
				"INFOPLIST_KEY_UIApplicationSceneManifest_Generation[sdk=iphoneos*]" = YES;
				"INFOPLIST_KEY_UIApplicationSceneManifest_Generation[sdk=iphonesimulator*]" = YES;
				"INFOPLIST_KEY_UIApplicationSupportsIndirectInputEvents[sdk=iphoneos*]" = YES;
				"INFOPLIST_KEY_UIApplicationSupportsIndirectInputEvents[sdk=iphonesimulator*]" = YES;
				"INFOPLIST_KEY_UILaunchScreen_Generation[sdk=iphoneos*]" = YES;
				"INFOPLIST_KEY_UILaunchScreen_Generation[sdk=iphonesimulator*]" = YES;
				"INFOPLIST_KEY_UIStatusBarStyle[sdk=iphoneos*]" = UIStatusBarStyleDefault;
				"INFOPLIST_KEY_UIStatusBarStyle[sdk=iphonesimulator*]" = UIStatusBarStyleDefault;
				INFOPLIST_KEY_UISupportedInterfaceOrientations_iPad = "UIInterfaceOrientationPortrait UIInterfaceOrientationPortraitUpsideDown UIInterfaceOrientationLandscapeLeft UIInterfaceOrientationLandscapeRight";
				INFOPLIST_KEY_UISupportedInterfaceOrientations_iPhone = "UIInterfaceOrientationPortrait UIInterfaceOrientationLandscapeLeft UIInterfaceOrientationLandscapeRight";
				IPHONEOS_DEPLOYMENT_TARGET = 26.4;
				LD_RUNPATH_SEARCH_PATHS = "@executable_path/Frameworks";
				"LD_RUNPATH_SEARCH_PATHS[sdk=macosx*]" = "@executable_path/../Frameworks";
				MACOSX_DEPLOYMENT_TARGET = 26.4;
				MARKETING_VERSION = 1.0;
				PRODUCT_BUNDLE_IDENTIFIER = com.ChatGPT.OPerationsHOS;
				PRODUCT_NAME = "$(TARGET_NAME)";
				REGISTER_APP_GROUPS = YES;
				SDKROOT = auto;
				STRING_CATALOG_GENERATE_SYMBOLS = YES;
				SUPPORTED_PLATFORMS = "iphoneos iphonesimulator macosx xros xrsimulator";
				SWIFT_APPROACHABLE_CONCURRENCY = YES;
				SWIFT_DEFAULT_ACTOR_ISOLATION = MainActor;
				SWIFT_EMIT_LOC_STRINGS = YES;
				SWIFT_UPCOMING_FEATURE_MEMBER_IMPORT_VISIBILITY = YES;
				SWIFT_VERSION = 5.0;
				TARGETED_DEVICE_FAMILY = "1,2,7";
				XROS_DEPLOYMENT_TARGET = 26.4;
			};
			name = Release;
		};
		C0A3DE6A2FA94C2700B622CF /* Debug */ = {
			isa = XCBuildConfiguration;
			buildSettings = {
				ALWAYS_SEARCH_USER_PATHS = NO;
				ASSETCATALOG_COMPILER_GENERATE_SWIFT_ASSET_SYMBOL_EXTENSIONS = YES;
				CLANG_ANALYZER_NONNULL = YES;
				CLANG_ANALYZER_NUMBER_OBJECT_CONVERSION = YES_AGGRESSIVE;
				CLANG_CXX_LANGUAGE_STANDARD = "gnu++20";
				CLANG_ENABLE_MODULES = YES;
				CLANG_ENABLE_OBJC_ARC = YES;
				CLANG_ENABLE_OBJC_WEAK = YES;
				CLANG_WARN_BLOCK_CAPTURE_AUTORELEASING = YES;
				CLANG_WARN_BOOL_CONVERSION = YES;
				CLANG_WARN_COMMA = YES;
				CLANG_WARN_CONSTANT_CONVERSION = YES;
				CLANG_WARN_DEPRECATED_OBJC_IMPLEMENTATIONS = YES;
				CLANG_WARN_DIRECT_OBJC_ISA_USAGE = YES_ERROR;
				CLANG_WARN_DOCUMENTATION_COMMENTS = YES;
				CLANG_WARN_EMPTY_BODY = YES;
				CLANG_WARN_ENUM_CONVERSION = YES;
				CLANG_WARN_INFINITE_RECURSION = YES;
				CLANG_WARN_INT_CONVERSION = YES;
				CLANG_WARN_NON_LITERAL_NULL_CONVERSION = YES;
				CLANG_WARN_OBJC_IMPLICIT_RETAIN_SELF = YES;
				CLANG_WARN_OBJC_LITERAL_CONVERSION = YES;
				CLANG_WARN_OBJC_ROOT_CLASS = YES_ERROR;
				CLANG_WARN_QUOTED_INCLUDE_IN_FRAMEWORK_HEADER = YES;
				CLANG_WARN_RANGE_LOOP_ANALYSIS = YES;
				CLANG_WARN_STRICT_PROTOTYPES = YES;
				CLANG_WARN_SUSPICIOUS_MOVE = YES;
				CLANG_WARN_UNGUARDED_AVAILABILITY = YES_AGGRESSIVE;
				CLANG_WARN_UNREACHABLE_CODE = YES;
				CLANG_WARN__DUPLICATE_METHOD_MATCH = YES;
				COPY_PHASE_STRIP = NO;
				DEBUG_INFORMATION_FORMAT = dwarf;
				DEVELOPMENT_TEAM = 3X3F6UJ44H;
				ENABLE_STRICT_OBJC_MSGSEND = YES;
				ENABLE_TESTABILITY = YES;
				ENABLE_USER_SCRIPT_SANDBOXING = YES;
				GCC_C_LANGUAGE_STANDARD = gnu17;
				GCC_DYNAMIC_NO_PIC = NO;
				GCC_NO_COMMON_BLOCKS = YES;
				GCC_OPTIMIZATION_LEVEL = 0;
				GCC_PREPROCESSOR_DEFINITIONS = (
					"DEBUG=1",
					"$(inherited)",
				);
				GCC_WARN_64_TO_32_BIT_CONVERSION = YES;
				GCC_WARN_ABOUT_RETURN_TYPE = YES_ERROR;
				GCC_WARN_UNDECLARED_SELECTOR = YES;
				GCC_WARN_UNINITIALIZED_AUTOS = YES_AGGRESSIVE;
				GCC_WARN_UNUSED_FUNCTION = YES;
				GCC_WARN_UNUSED_VARIABLE = YES;
				LOCALIZATION_PREFERS_STRING_CATALOGS = YES;
				MTL_ENABLE_DEBUG_INFO = INCLUDE_SOURCE;
				MTL_FAST_MATH = YES;
				ONLY_ACTIVE_ARCH = YES;
				SWIFT_ACTIVE_COMPILATION_CONDITIONS = "DEBUG $(inherited)";
				SWIFT_OPTIMIZATION_LEVEL = "-Onone";
			};
			name = Debug;
		};
		C0A3DE6B2FA94C2700B622CF /* Release */ = {
			isa = XCBuildConfiguration;
			buildSettings = {
				ALWAYS_SEARCH_USER_PATHS = NO;
				ASSETCATALOG_COMPILER_GENERATE_SWIFT_ASSET_SYMBOL_EXTENSIONS = YES;
				CLANG_ANALYZER_NONNULL = YES;
				CLANG_ANALYZER_NUMBER_OBJECT_CONVERSION = YES_AGGRESSIVE;
				CLANG_CXX_LANGUAGE_STANDARD = "gnu++20";
				CLANG_ENABLE_MODULES = YES;
				CLANG_ENABLE_OBJC_ARC = YES;
				CLANG_ENABLE_OBJC_WEAK = YES;
				CLANG_WARN_BLOCK_CAPTURE_AUTORELEASING = YES;
				CLANG_WARN_BOOL_CONVERSION = YES;
				CLANG_WARN_COMMA = YES;
				CLANG_WARN_CONSTANT_CONVERSION = YES;
				CLANG_WARN_DEPRECATED_OBJC_IMPLEMENTATIONS = YES;
				CLANG_WARN_DIRECT_OBJC_ISA_USAGE = YES_ERROR;
				CLANG_WARN_DOCUMENTATION_COMMENTS = YES;
				CLANG_WARN_EMPTY_BODY = YES;
				CLANG_WARN_ENUM_CONVERSION = YES;
				CLANG_WARN_INFINITE_RECURSION = YES;
				CLANG_WARN_INT_CONVERSION = YES;
				CLANG_WARN_NON_LITERAL_NULL_CONVERSION = YES;
				CLANG_WARN_OBJC_IMPLICIT_RETAIN_SELF = YES;
				CLANG_WARN_OBJC_LITERAL_CONVERSION = YES;
				CLANG_WARN_OBJC_ROOT_CLASS = YES_ERROR;
				CLANG_WARN_QUOTED_INCLUDE_IN_FRAMEWORK_HEADER = YES;
				CLANG_WARN_RANGE_LOOP_ANALYSIS = YES;
				CLANG_WARN_STRICT_PROTOTYPES = YES;
				CLANG_WARN_SUSPICIOUS_MOVE = YES;
				CLANG_WARN_UNGUARDED_AVAILABILITY = YES_AGGRESSIVE;
				CLANG_WARN_UNREACHABLE_CODE = YES;
				CLANG_WARN__DUPLICATE_METHOD_MATCH = YES;
				COPY_PHASE_STRIP = NO;
				DEBUG_INFORMATION_FORMAT = "dwarf-with-dsym";
				DEVELOPMENT_TEAM = 3X3F6UJ44H;
				ENABLE_NS_ASSERTIONS = NO;
				ENABLE_STRICT_OBJC_MSGSEND = YES;
				ENABLE_USER_SCRIPT_SANDBOXING = YES;
				GCC_C_LANGUAGE_STANDARD = gnu17;
				GCC_NO_COMMON_BLOCKS = YES;
				GCC_WARN_64_TO_32_BIT_CONVERSION = YES;
				GCC_WARN_ABOUT_RETURN_TYPE = YES_ERROR;
				GCC_WARN_UNDECLARED_SELECTOR = YES;
				GCC_WARN_UNINITIALIZED_AUTOS = YES_AGGRESSIVE;
				GCC_WARN_UNUSED_FUNCTION = YES;
				GCC_WARN_UNUSED_VARIABLE = YES;
				LOCALIZATION_PREFERS_STRING_CATALOGS = YES;
				MTL_ENABLE_DEBUG_INFO = NO;
				MTL_FAST_MATH = YES;
				SWIFT_COMPILATION_MODE = wholemodule;
			};
			name = Release;
		};
		C0A3DE6D2FA94C2700B622CF /* Debug */ = {
			isa = XCBuildConfiguration;
			buildSettings = {
				BUNDLE_LOADER = "$(TEST_HOST)";
				CODE_SIGN_STYLE = Automatic;
				CURRENT_PROJECT_VERSION = 1;
				DEVELOPMENT_TEAM = 3X3F6UJ44H;
				GENERATE_INFOPLIST_FILE = YES;
				IPHONEOS_DEPLOYMENT_TARGET = 26.4;
				MACOSX_DEPLOYMENT_TARGET = 26.4;
				MARKETING_VERSION = 1.0;
				PRODUCT_BUNDLE_IDENTIFIER = com.ChatGPT.OPerationsHOSTests;
				PRODUCT_NAME = "$(TARGET_NAME)";
				SDKROOT = auto;
				STRING_CATALOG_GENERATE_SYMBOLS = NO;
				SUPPORTED_PLATFORMS = "iphoneos iphonesimulator macosx xros xrsimulator";
				SWIFT_APPROACHABLE_CONCURRENCY = YES;
				SWIFT_EMIT_LOC_STRINGS = NO;
				SWIFT_UPCOMING_FEATURE_MEMBER_IMPORT_VISIBILITY = YES;
				SWIFT_VERSION = 5.0;
				TARGETED_DEVICE_FAMILY = "1,2,7";
				TEST_HOST = "$(BUILT_PRODUCTS_DIR)/OPerationsHOS.app/$(BUNDLE_EXECUTABLE_FOLDER_PATH)/OPerationsHOS";
				XROS_DEPLOYMENT_TARGET = 26.4;
			};
			name = Debug;
		};
		C0A3DE6E2FA94C2700B622CF /* Release */ = {
			isa = XCBuildConfiguration;
			buildSettings = {
				BUNDLE_LOADER = "$(TEST_HOST)";
				CODE_SIGN_STYLE = Automatic;
				CURRENT_PROJECT_VERSION = 1;
				DEVELOPMENT_TEAM = 3X3F6UJ44H;
				GENERATE_INFOPLIST_FILE = YES;
				IPHONEOS_DEPLOYMENT_TARGET = 26.4;
				MACOSX_DEPLOYMENT_TARGET = 26.4;
				MARKETING_VERSION = 1.0;
				PRODUCT_BUNDLE_IDENTIFIER = com.ChatGPT.OPerationsHOSTests;
				PRODUCT_NAME = "$(TARGET_NAME)";
				SDKROOT = auto;
				STRING_CATALOG_GENERATE_SYMBOLS = NO;
				SUPPORTED_PLATFORMS = "iphoneos iphonesimulator macosx xros xrsimulator";
				SWIFT_APPROACHABLE_CONCURRENCY = YES;
				SWIFT_EMIT_LOC_STRINGS = NO;
				SWIFT_UPCOMING_FEATURE_MEMBER_IMPORT_VISIBILITY = YES;
				SWIFT_VERSION = 5.0;
				TARGETED_DEVICE_FAMILY = "1,2,7";
				TEST_HOST = "$(BUILT_PRODUCTS_DIR)/OPerationsHOS.app/$(BUNDLE_EXECUTABLE_FOLDER_PATH)/OPerationsHOS";
				XROS_DEPLOYMENT_TARGET = 26.4;
			};
			name = Release;
		};
		C0A3DE702FA94C2700B622CF /* Debug */ = {
			isa = XCBuildConfiguration;
			buildSettings = {
				CODE_SIGN_STYLE = Automatic;
				CURRENT_PROJECT_VERSION = 1;
				DEVELOPMENT_TEAM = 3X3F6UJ44H;
				GENERATE_INFOPLIST_FILE = YES;
				IPHONEOS_DEPLOYMENT_TARGET = 26.4;
				MACOSX_DEPLOYMENT_TARGET = 26.4;
				MARKETING_VERSION = 1.0;
				PRODUCT_BUNDLE_IDENTIFIER = com.ChatGPT.OPerationsHOSUITests;
				PRODUCT_NAME = "$(TARGET_NAME)";
				SDKROOT = auto;
				STRING_CATALOG_GENERATE_SYMBOLS = NO;
				SUPPORTED_PLATFORMS = "iphoneos iphonesimulator macosx xros xrsimulator";
				SWIFT_APPROACHABLE_CONCURRENCY = YES;
				SWIFT_EMIT_LOC_STRINGS = NO;
				SWIFT_UPCOMING_FEATURE_MEMBER_IMPORT_VISIBILITY = YES;
				SWIFT_VERSION = 5.0;
				TARGETED_DEVICE_FAMILY = "1,2,7";
				TEST_TARGET_NAME = OPerationsHOS;
				XROS_DEPLOYMENT_TARGET = 26.4;
			};
			name = Debug;
		};
		C0A3DE712FA94C2700B622CF /* Release */ = {
			isa = XCBuildConfiguration;
			buildSettings = {
				CODE_SIGN_STYLE = Automatic;
				CURRENT_PROJECT_VERSION = 1;
				DEVELOPMENT_TEAM = 3X3F6UJ44H;
				GENERATE_INFOPLIST_FILE = YES;
				IPHONEOS_DEPLOYMENT_TARGET = 26.4;
				MACOSX_DEPLOYMENT_TARGET = 26.4;
				MARKETING_VERSION = 1.0;
				PRODUCT_BUNDLE_IDENTIFIER = com.ChatGPT.OPerationsHOSUITests;
				PRODUCT_NAME = "$(TARGET_NAME)";
				SDKROOT = auto;
				STRING_CATALOG_GENERATE_SYMBOLS = NO;
				SUPPORTED_PLATFORMS = "iphoneos iphonesimulator macosx xros xrsimulator";
				SWIFT_APPROACHABLE_CONCURRENCY = YES;
				SWIFT_EMIT_LOC_STRINGS = NO;
				SWIFT_UPCOMING_FEATURE_MEMBER_IMPORT_VISIBILITY = YES;
				SWIFT_VERSION = 5.0;
				TARGETED_DEVICE_FAMILY = "1,2,7";
				TEST_TARGET_NAME = OPerationsHOS;
				XROS_DEPLOYMENT_TARGET = 26.4;
			};
			name = Release;
		};
		C0ACAFC32FAAD9640062B2C2 /* Debug */ = {
			isa = XCBuildConfiguration;
			buildSettings = {
				ASSETCATALOG_COMPILER_GLOBAL_ACCENT_COLOR_NAME = AccentColor;
				ASSETCATALOG_COMPILER_WIDGET_BACKGROUND_COLOR_NAME = WidgetBackground;
				CODE_SIGN_ENTITLEMENTS = OPerationsHOSWidgetsExtension.entitlements;
				CODE_SIGN_STYLE = Automatic;
				CURRENT_PROJECT_VERSION = 1;
				DEVELOPMENT_TEAM = 3X3F6UJ44H;
				GENERATE_INFOPLIST_FILE = YES;
				INFOPLIST_FILE = OPerationsHOSWidgets/Info.plist;
				INFOPLIST_KEY_CFBundleDisplayName = OPerationsHOSWidgets;
				INFOPLIST_KEY_NSHumanReadableCopyright = "";
				IPHONEOS_DEPLOYMENT_TARGET = 26.4;
				LD_RUNPATH_SEARCH_PATHS = (
					"$(inherited)",
					"@executable_path/Frameworks",
					"@executable_path/../../Frameworks",
				);
				MARKETING_VERSION = 1.0;
				PRODUCT_BUNDLE_IDENTIFIER = com.ChatGPT.OPerationsHOS.OPerationsHOSWidgets;
				PRODUCT_NAME = "$(TARGET_NAME)";
				SDKROOT = iphoneos;
				SKIP_INSTALL = YES;
				STRING_CATALOG_GENERATE_SYMBOLS = YES;
				SWIFT_APPROACHABLE_CONCURRENCY = YES;
				SWIFT_EMIT_LOC_STRINGS = YES;
				SWIFT_UPCOMING_FEATURE_MEMBER_IMPORT_VISIBILITY = YES;
				SWIFT_VERSION = 5.0;
				TARGETED_DEVICE_FAMILY = "1,2";
			};
			name = Debug;
		};
		C0ACAFC42FAAD9640062B2C2 /* Release */ = {
			isa = XCBuildConfiguration;
			buildSettings = {
				ASSETCATALOG_COMPILER_GLOBAL_ACCENT_COLOR_NAME = AccentColor;
				ASSETCATALOG_COMPILER_WIDGET_BACKGROUND_COLOR_NAME = WidgetBackground;
				CODE_SIGN_ENTITLEMENTS = OPerationsHOSWidgetsExtension.entitlements;
				CODE_SIGN_STYLE = Automatic;
				CURRENT_PROJECT_VERSION = 1;
				DEVELOPMENT_TEAM = 3X3F6UJ44H;
				GENERATE_INFOPLIST_FILE = YES;
				INFOPLIST_FILE = OPerationsHOSWidgets/Info.plist;
				INFOPLIST_KEY_CFBundleDisplayName = OPerationsHOSWidgets;
				INFOPLIST_KEY_NSHumanReadableCopyright = "";
				IPHONEOS_DEPLOYMENT_TARGET = 26.4;
				LD_RUNPATH_SEARCH_PATHS = (
					"$(inherited)",
					"@executable_path/Frameworks",
					"@executable_path/../../Frameworks",
				);
				MARKETING_VERSION = 1.0;
				PRODUCT_BUNDLE_IDENTIFIER = com.ChatGPT.OPerationsHOS.OPerationsHOSWidgets;
				PRODUCT_NAME = "$(TARGET_NAME)";
				SDKROOT = iphoneos;
				SKIP_INSTALL = YES;
				STRING_CATALOG_GENERATE_SYMBOLS = YES;
				SWIFT_APPROACHABLE_CONCURRENCY = YES;
				SWIFT_EMIT_LOC_STRINGS = YES;
				SWIFT_UPCOMING_FEATURE_MEMBER_IMPORT_VISIBILITY = YES;
				SWIFT_VERSION = 5.0;
				TARGETED_DEVICE_FAMILY = "1,2";
				VALIDATE_PRODUCT = YES;
			};
			name = Release;
		};
/* End XCBuildConfiguration section */

/* Begin XCConfigurationList section */
		C0A3DE3E2FA94C2600B622CF /* Build configuration list for PBXProject "OPerationsHOS" */ = {
			isa = XCConfigurationList;
			buildConfigurations = (
				C0A3DE6A2FA94C2700B622CF /* Debug */,
				C0A3DE6B2FA94C2700B622CF /* Release */,
			);
			defaultConfigurationIsVisible = 0;
			defaultConfigurationName = Release;
		};
		C0A3DE672FA94C2700B622CF /* Build configuration list for PBXNativeTarget "OPerationsHOS" */ = {
			isa = XCConfigurationList;
			buildConfigurations = (
				C0A3DE682FA94C2700B622CF /* Debug */,
				C0A3DE692FA94C2700B622CF /* Release */,
			);
			defaultConfigurationIsVisible = 0;
			defaultConfigurationName = Release;
		};
		C0A3DE6C2FA94C2700B622CF /* Build configuration list for PBXNativeTarget "OPerationsHOSTests" */ = {
			isa = XCConfigurationList;
			buildConfigurations = (
				C0A3DE6D2FA94C2700B622CF /* Debug */,
				C0A3DE6E2FA94C2700B622CF /* Release */,
			);
			defaultConfigurationIsVisible = 0;
			defaultConfigurationName = Release;
		};
		C0A3DE6F2FA94C2700B622CF /* Build configuration list for PBXNativeTarget "OPerationsHOSUITests" */ = {
			isa = XCConfigurationList;
			buildConfigurations = (
				C0A3DE702FA94C2700B622CF /* Debug */,
				C0A3DE712FA94C2700B622CF /* Release */,
			);
			defaultConfigurationIsVisible = 0;
			defaultConfigurationName = Release;
		};
		C0ACAFC52FAAD9640062B2C2 /* Build configuration list for PBXNativeTarget "OPerationsHOSWidgetsExtension" */ = {
			isa = XCConfigurationList;
			buildConfigurations = (
				C0ACAFC32FAAD9640062B2C2 /* Debug */,
				C0ACAFC42FAAD9640062B2C2 /* Release */,
			);
			defaultConfigurationIsVisible = 0;
			defaultConfigurationName = Release;
		};
/* End XCConfigurationList section */
	};
	rootObject = C0A3DE3B2FA94C2600B622CF /* Project object */;
}
